
Microsoft Visual Studio Solution File, Format Version 12.00
# Visual Studio Version 17
VisualStudioVersion = 17.14.36121.58 d17.14
MinimumVisualStudioVersion = 10.0.40219.1
Project("{888888A0-9F3D-457C-B088-3A5042F75D52}") = "Roulette Wheel Colors", "Roulette Wheel Colors.pyproj", "{690D3972-26AA-40B1-A5E9-660347D81578}"
EndProject
Global
	GlobalSection(SolutionConfigurationPlatforms) = preSolution
		Debug|Any CPU = Debug|Any CPU
		Release|Any CPU = Release|Any CPU
	EndGlobalSection
	GlobalSection(ProjectConfigurationPlatforms) = postSolution
		{690D3972-26AA-40B1-A5E9-660347D81578}.Debug|Any CPU.ActiveCfg = Debug|Any CPU
		{690D3972-26AA-40B1-A5E9-660347D81578}.Release|Any CPU.ActiveCfg = Release|Any CPU
	EndGlobalSection
	GlobalSection(SolutionProperties) = preSolution
		HideSolutionNode = FALSE
	EndGlobalSection
	GlobalSection(ExtensibilityGlobals) = postSolution
		SolutionGuid = {A2DFF69B-C122-4001-A038-C860F24A033A}
	EndGlobalSection
EndGlobal
